
Microsoft Visual Studio Solution File, Format Version 12.00
# Visual Studio Version 16
VisualStudioVersion = 16.0.29728.190
MinimumVisualStudioVersion = 10.0.40219.1
Project("{FAE04EC0-301F-11D3-BF4B-00C04F79EFBC}") = "BookListRazor", "BookListRazor.csproj", "{7EB40360-907C-4EC0-B89E-E5D071E13323}"
EndProject
Global
	GlobalSection(SolutionConfigurationPlatforms) = preSolution
		Debug|Any CPU = Debug|Any CPU
		Release|Any CPU = Release|Any CPU
	EndGlobalSection
	GlobalSection(ProjectConfigurationPlatforms) = postSolution
		{7EB40360-907C-4EC0-B89E-E5D071E13323}.Debug|Any CPU.ActiveCfg = Debug|Any CPU
		{7EB40360-907C-4EC0-B89E-E5D071E13323}.Debug|Any CPU.Build.0 = Debug|Any CPU
		{7EB40360-907C-4EC0-B89E-E5D071E13323}.Release|Any CPU.ActiveCfg = Release|Any CPU
		{7EB40360-907C-4EC0-B89E-E5D071E13323}.Release|Any CPU.Build.0 = Release|Any CPU
	EndGlobalSection
	GlobalSection(SolutionProperties) = preSolution
		HideSolutionNode = FALSE
	EndGlobalSection
	GlobalSection(ExtensibilityGlobals) = postSolution
		SolutionGuid = {D8964CD9-09F0-4968-9EDF-9D17A2CA06B7}
	EndGlobalSection
EndGlobal
